
Microsoft Visual Studio Solution File, Format Version 12.00
# Visual Studio Version 16
VisualStudioVersion = 16.0.30804.86
MinimumVisualStudioVersion = 10.0.40219.1
Project("{FAE04EC0-301F-11D3-BF4B-00C04F79EFBC}") = "Lab 6 _Metody rozszerzające", "Lab 6 _Metody rozszerzające\Lab 6 _Metody rozszerzające.csproj", "{271EBB36-3FEA-4266-B63F-EF8C526966DF}"
EndProject
Global
	GlobalSection(SolutionConfigurationPlatforms) = preSolution
		Debug|Any CPU = Debug|Any CPU
		Release|Any CPU = Release|Any CPU
	EndGlobalSection
	GlobalSection(ProjectConfigurationPlatforms) = postSolution
		{271EBB36-3FEA-4266-B63F-EF8C526966DF}.Debug|Any CPU.ActiveCfg = Debug|Any CPU
		{271EBB36-3FEA-4266-B63F-EF8C526966DF}.Debug|Any CPU.Build.0 = Debug|Any CPU
		{271EBB36-3FEA-4266-B63F-EF8C526966DF}.Release|Any CPU.ActiveCfg = Release|Any CPU
		{271EBB36-3FEA-4266-B63F-EF8C526966DF}.Release|Any CPU.Build.0 = Release|Any CPU
	EndGlobalSection
	GlobalSection(SolutionProperties) = preSolution
		HideSolutionNode = FALSE
	EndGlobalSection
	GlobalSection(ExtensibilityGlobals) = postSolution
		SolutionGuid = {F97A9729-14EB-4375-BD3D-8DE160BAEAF7}
	EndGlobalSection
EndGlobal
